
Microsoft Visual Studio Solution File, Format Version 12.00
# Visual Studio 15
VisualStudioVersion = 15.0.27130.2036
MinimumVisualStudioVersion = 10.0.40219.1
Project("{9A19103F-16F7-4668-BE54-9A1E7A4F7556}") = "referendus-netcore", "referendus-netcore.csproj", "{21515A95-033D-4CAF-929C-21C7B82279A0}"
EndProject
Project("{E53339B2-1760-4266-BCC7-CA923CBCF16C}") = "docker-compose", "docker-compose.dcproj", "{050742E9-81AC-4729-A389-DBFE2C35E06F}"
EndProject
Global
	GlobalSection(SolutionConfigurationPlatforms) = preSolution
		Debug|Any CPU = Debug|Any CPU
		Release|Any CPU = Release|Any CPU
	EndGlobalSection
	GlobalSection(ProjectConfigurationPlatforms) = postSolution
		{21515A95-033D-4CAF-929C-21C7B82279A0}.Debug|Any CPU.ActiveCfg = Debug|Any CPU
		{21515A95-033D-4CAF-929C-21C7B82279A0}.Debug|Any CPU.Build.0 = Debug|Any CPU
		{21515A95-033D-4CAF-929C-21C7B82279A0}.Release|Any CPU.ActiveCfg = Release|Any CPU
		{21515A95-033D-4CAF-929C-21C7B82279A0}.Release|Any CPU.Build.0 = Release|Any CPU
		{050742E9-81AC-4729-A389-DBFE2C35E06F}.Debug|Any CPU.ActiveCfg = Debug|Any CPU
		{050742E9-81AC-4729-A389-DBFE2C35E06F}.Debug|Any CPU.Build.0 = Debug|Any CPU
		{050742E9-81AC-4729-A389-DBFE2C35E06F}.Release|Any CPU.ActiveCfg = Release|Any CPU
		{050742E9-81AC-4729-A389-DBFE2C35E06F}.Release|Any CPU.Build.0 = Release|Any CPU
	EndGlobalSection
	GlobalSection(SolutionProperties) = preSolution
		HideSolutionNode = FALSE
	EndGlobalSection
	GlobalSection(ExtensibilityGlobals) = postSolution
		SolutionGuid = {FD459152-7A3C-4364-90FE-FDDCB34E930B}
	EndGlobalSection
EndGlobal
